# Generated by pub
# See http://pub.dartlang.org/doc/glossary.html#lockfile
packages:
  analyzer:
    description: analyzer
    source: hosted
    version: "0.22.4"
  args:
    description: args
    source: hosted
    version: "0.12.1"
  barback:
    description: barback
    source: hosted
    version: "0.15.2+2"
  browser:
    description: browser
    source: hosted
    version: "0.10.0+2"
  collection:
    description: collection
    source: hosted
    version: "1.1.0"
  grinder:
    description: grinder
    source: hosted
    version: "0.6.2"
  intl:
    description: intl
    source: hosted
    version: "0.11.11"
  logging:
    description: logging
    source: hosted
    version: "0.9.2"
  matcher:
    description: matcher
    source: hosted
    version: "0.11.2"
  nvp:
    description:
      ref: null
      resolved-ref: "7cbfe7433e952941516ec82222f80d4596cd8365"
      url: "https://github.com/bgourlie/nobsVersionPatcher.git"
    source: git
    version: "0.1.1"
  path:
    description: path
    source: hosted
    version: "1.3.0"
  petitparser:
    description: petitparser
    source: hosted
    version: "1.3.1"
  pool:
    description: pool
    source: hosted
    version: "1.0.1"
  quiver:
    description: quiver
    source: hosted
    version: "0.19.0+1"
  source_span:
    description: source_span
    source: hosted
    version: "1.0.2"
  stack_trace:
    description: stack_trace
    source: hosted
    version: "1.1.1"
  unittest:
    description: unittest
    source: hosted
    version: "0.11.1+1"
  watcher:
    description: watcher
    source: hosted
    version: "0.9.3"
